
Microsoft Visual Studio Solution File, Format Version 12.00
# Visual Studio Version 16
VisualStudioVersion = 16.0.31005.135
MinimumVisualStudioVersion = 10.0.40219.1
Project("{FAE04EC0-301F-11D3-BF4B-00C04F79EFBC}") = "ConsoleWinAPI", "ConsoleWinAPI\ConsoleWinAPI.csproj", "{711F936E-B7D4-42FF-B2FF-DC30993191E1}"
EndProject
Project("{FAE04EC0-301F-11D3-BF4B-00C04F79EFBC}") = "HelloClass", "HelloClass\HelloClass.csproj", "{8459723D-CB1B-44C6-A7DF-5B0D5B5461A6}"
EndProject
Project("{FAE04EC0-301F-11D3-BF4B-00C04F79EFBC}") = "lesson2practice2", "lesson2practice2\lesson2practice2.csproj", "{5E7169BA-8C05-4AE3-9B7C-E91B7C677675}"
EndProject
Project("{2150E333-8FDC-42A3-9474-1A3956D46DE8}") = "Homework", "Homework", "{EA56D1D8-C2D9-43EA-89B0-49D6FCE6BC93}"
EndProject
Project("{2150E333-8FDC-42A3-9474-1A3956D46DE8}") = "Processes", "Processes", "{DA1E382A-D680-4571-A3F9-9E3F43705163}"
EndProject
Project("{FAE04EC0-301F-11D3-BF4B-00C04F79EFBC}") = "ConsoleTask1_2_3", "ConsoleTask1\ConsoleTask1_2_3.csproj", "{DDE638E7-CD3F-49AD-81EE-D0C8BC5E1B08}"
EndProject
Project("{FAE04EC0-301F-11D3-BF4B-00C04F79EFBC}") = "task3child", "task3child\task3child.csproj", "{FD1A0E1E-0EDE-4191-8DB3-A9F639347E4E}"
EndProject
Global
	GlobalSection(SolutionConfigurationPlatforms) = preSolution
		Debug|Any CPU = Debug|Any CPU
		Release|Any CPU = Release|Any CPU
	EndGlobalSection
	GlobalSection(ProjectConfigurationPlatforms) = postSolution
		{711F936E-B7D4-42FF-B2FF-DC30993191E1}.Debug|Any CPU.ActiveCfg = Debug|Any CPU
		{711F936E-B7D4-42FF-B2FF-DC30993191E1}.Debug|Any CPU.Build.0 = Debug|Any CPU
		{711F936E-B7D4-42FF-B2FF-DC30993191E1}.Release|Any CPU.ActiveCfg = Release|Any CPU
		{711F936E-B7D4-42FF-B2FF-DC30993191E1}.Release|Any CPU.Build.0 = Release|Any CPU
		{8459723D-CB1B-44C6-A7DF-5B0D5B5461A6}.Debug|Any CPU.ActiveCfg = Debug|Any CPU
		{8459723D-CB1B-44C6-A7DF-5B0D5B5461A6}.Debug|Any CPU.Build.0 = Debug|Any CPU
		{8459723D-CB1B-44C6-A7DF-5B0D5B5461A6}.Release|Any CPU.ActiveCfg = Release|Any CPU
		{8459723D-CB1B-44C6-A7DF-5B0D5B5461A6}.Release|Any CPU.Build.0 = Release|Any CPU
		{5E7169BA-8C05-4AE3-9B7C-E91B7C677675}.Debug|Any CPU.ActiveCfg = Debug|Any CPU
		{5E7169BA-8C05-4AE3-9B7C-E91B7C677675}.Debug|Any CPU.Build.0 = Debug|Any CPU
		{5E7169BA-8C05-4AE3-9B7C-E91B7C677675}.Release|Any CPU.ActiveCfg = Release|Any CPU
		{5E7169BA-8C05-4AE3-9B7C-E91B7C677675}.Release|Any CPU.Build.0 = Release|Any CPU
		{DDE638E7-CD3F-49AD-81EE-D0C8BC5E1B08}.Debug|Any CPU.ActiveCfg = Debug|Any CPU
		{DDE638E7-CD3F-49AD-81EE-D0C8BC5E1B08}.Debug|Any CPU.Build.0 = Debug|Any CPU
		{DDE638E7-CD3F-49AD-81EE-D0C8BC5E1B08}.Release|Any CPU.ActiveCfg = Release|Any CPU
		{DDE638E7-CD3F-49AD-81EE-D0C8BC5E1B08}.Release|Any CPU.Build.0 = Release|Any CPU
		{FD1A0E1E-0EDE-4191-8DB3-A9F639347E4E}.Debug|Any CPU.ActiveCfg = Debug|Any CPU
		{FD1A0E1E-0EDE-4191-8DB3-A9F639347E4E}.Debug|Any CPU.Build.0 = Debug|Any CPU
		{FD1A0E1E-0EDE-4191-8DB3-A9F639347E4E}.Release|Any CPU.ActiveCfg = Release|Any CPU
		{FD1A0E1E-0EDE-4191-8DB3-A9F639347E4E}.Release|Any CPU.Build.0 = Release|Any CPU
	EndGlobalSection
	GlobalSection(SolutionProperties) = preSolution
		HideSolutionNode = FALSE
	EndGlobalSection
	GlobalSection(NestedProjects) = preSolution
		{DA1E382A-D680-4571-A3F9-9E3F43705163} = {EA56D1D8-C2D9-43EA-89B0-49D6FCE6BC93}
		{DDE638E7-CD3F-49AD-81EE-D0C8BC5E1B08} = {DA1E382A-D680-4571-A3F9-9E3F43705163}
		{FD1A0E1E-0EDE-4191-8DB3-A9F639347E4E} = {DA1E382A-D680-4571-A3F9-9E3F43705163}
	EndGlobalSection
	GlobalSection(ExtensibilityGlobals) = postSolution
		SolutionGuid = {1FFB5643-07B1-43E0-BEBF-91A7E6DCDC6E}
	EndGlobalSection
EndGlobal
