
Microsoft Visual Studio Solution File, Format Version 12.00
# Visual Studio Version 16
VisualStudioVersion = 16.0.31105.61
MinimumVisualStudioVersion = 10.0.40219.1
Project("{FAE04EC0-301F-11D3-BF4B-00C04F79EFBC}") = "GetDatetimeApp_Server", "GetDatetimeApp_Server\GetDatetimeApp_Server.csproj", "{8C5907D3-07CE-478F-8168-4827B644ADF6}"
EndProject
Project("{FAE04EC0-301F-11D3-BF4B-00C04F79EFBC}") = "GetDatetimeApp_Client", "GetDatetimeApp_Client\GetDatetimeApp_Client.csproj", "{9AD15ABC-A91A-4498-83D5-B57739057000}"
EndProject
Global
	GlobalSection(SolutionConfigurationPlatforms) = preSolution
		Debug|Any CPU = Debug|Any CPU
		Release|Any CPU = Release|Any CPU
	EndGlobalSection
	GlobalSection(ProjectConfigurationPlatforms) = postSolution
		{8C5907D3-07CE-478F-8168-4827B644ADF6}.Debug|Any CPU.ActiveCfg = Debug|Any CPU
		{8C5907D3-07CE-478F-8168-4827B644ADF6}.Debug|Any CPU.Build.0 = Debug|Any CPU
		{8C5907D3-07CE-478F-8168-4827B644ADF6}.Release|Any CPU.ActiveCfg = Release|Any CPU
		{8C5907D3-07CE-478F-8168-4827B644ADF6}.Release|Any CPU.Build.0 = Release|Any CPU
		{9AD15ABC-A91A-4498-83D5-B57739057000}.Debug|Any CPU.ActiveCfg = Debug|Any CPU
		{9AD15ABC-A91A-4498-83D5-B57739057000}.Debug|Any CPU.Build.0 = Debug|Any CPU
		{9AD15ABC-A91A-4498-83D5-B57739057000}.Release|Any CPU.ActiveCfg = Release|Any CPU
		{9AD15ABC-A91A-4498-83D5-B57739057000}.Release|Any CPU.Build.0 = Release|Any CPU
	EndGlobalSection
	GlobalSection(SolutionProperties) = preSolution
		HideSolutionNode = FALSE
	EndGlobalSection
	GlobalSection(ExtensibilityGlobals) = postSolution
		SolutionGuid = {C08A7646-EA29-4EA6-BB70-8EE57142AA21}
	EndGlobalSection
EndGlobal
