
Microsoft Visual Studio Solution File, Format Version 12.00
# Visual Studio Version 16
VisualStudioVersion = 16.0.31105.61
MinimumVisualStudioVersion = 10.0.40219.1
Project("{FAE04EC0-301F-11D3-BF4B-00C04F79EFBC}") = "DemoChat_Server", "DemoChat_Server\DemoChat_Server.csproj", "{2C34C936-EF4B-4FB5-A217-21AA706D7642}"
EndProject
Project("{FAE04EC0-301F-11D3-BF4B-00C04F79EFBC}") = "DemoChat_Client", "DemoChat_Client\DemoChat_Client.csproj", "{538260EC-22D2-4A5E-A19B-BA18A2467FD6}"
EndProject
Global
	GlobalSection(SolutionConfigurationPlatforms) = preSolution
		Debug|Any CPU = Debug|Any CPU
		Release|Any CPU = Release|Any CPU
	EndGlobalSection
	GlobalSection(ProjectConfigurationPlatforms) = postSolution
		{2C34C936-EF4B-4FB5-A217-21AA706D7642}.Debug|Any CPU.ActiveCfg = Debug|Any CPU
		{2C34C936-EF4B-4FB5-A217-21AA706D7642}.Debug|Any CPU.Build.0 = Debug|Any CPU
		{2C34C936-EF4B-4FB5-A217-21AA706D7642}.Release|Any CPU.ActiveCfg = Release|Any CPU
		{2C34C936-EF4B-4FB5-A217-21AA706D7642}.Release|Any CPU.Build.0 = Release|Any CPU
		{538260EC-22D2-4A5E-A19B-BA18A2467FD6}.Debug|Any CPU.ActiveCfg = Debug|Any CPU
		{538260EC-22D2-4A5E-A19B-BA18A2467FD6}.Debug|Any CPU.Build.0 = Debug|Any CPU
		{538260EC-22D2-4A5E-A19B-BA18A2467FD6}.Release|Any CPU.ActiveCfg = Release|Any CPU
		{538260EC-22D2-4A5E-A19B-BA18A2467FD6}.Release|Any CPU.Build.0 = Release|Any CPU
	EndGlobalSection
	GlobalSection(SolutionProperties) = preSolution
		HideSolutionNode = FALSE
	EndGlobalSection
	GlobalSection(ExtensibilityGlobals) = postSolution
		SolutionGuid = {99A441A9-7ECE-40CF-AFDD-96DAE173430B}
	EndGlobalSection
EndGlobal
