
Microsoft Visual Studio Solution File, Format Version 12.00
# Visual Studio Version 16
VisualStudioVersion = 16.0.31025.194
MinimumVisualStudioVersion = 10.0.40219.1
Project("{FAE04EC0-301F-11D3-BF4B-00C04F79EFBC}") = "CasinoThreads", "CasinoThreads\CasinoThreads.csproj", "{750F1585-65E1-432D-83F4-17C03F3AA070}"
EndProject
Global
	GlobalSection(SolutionConfigurationPlatforms) = preSolution
		Debug|Any CPU = Debug|Any CPU
		Release|Any CPU = Release|Any CPU
	EndGlobalSection
	GlobalSection(ProjectConfigurationPlatforms) = postSolution
		{750F1585-65E1-432D-83F4-17C03F3AA070}.Debug|Any CPU.ActiveCfg = Debug|Any CPU
		{750F1585-65E1-432D-83F4-17C03F3AA070}.Debug|Any CPU.Build.0 = Debug|Any CPU
		{750F1585-65E1-432D-83F4-17C03F3AA070}.Release|Any CPU.ActiveCfg = Release|Any CPU
		{750F1585-65E1-432D-83F4-17C03F3AA070}.Release|Any CPU.Build.0 = Release|Any CPU
	EndGlobalSection
	GlobalSection(SolutionProperties) = preSolution
		HideSolutionNode = FALSE
	EndGlobalSection
	GlobalSection(ExtensibilityGlobals) = postSolution
		SolutionGuid = {F2228B4B-7BFE-40BB-943E-AE8A19E016B7}
	EndGlobalSection
EndGlobal
