
Microsoft Visual Studio Solution File, Format Version 12.00
# Visual Studio Version 16
VisualStudioVersion = 16.0.30804.86
MinimumVisualStudioVersion = 10.0.40219.1
Project("{FAE04EC0-301F-11D3-BF4B-00C04F79EFBC}") = "ADONET-Base", "ADONET-Base\ADONET-Base.csproj", "{C3A72D5B-6AD1-4074-BC1F-2758E6FDACDD}"
EndProject
Global
	GlobalSection(SolutionConfigurationPlatforms) = preSolution
		Debug|Any CPU = Debug|Any CPU
		Release|Any CPU = Release|Any CPU
	EndGlobalSection
	GlobalSection(ProjectConfigurationPlatforms) = postSolution
		{C3A72D5B-6AD1-4074-BC1F-2758E6FDACDD}.Debug|Any CPU.ActiveCfg = Debug|Any CPU
		{C3A72D5B-6AD1-4074-BC1F-2758E6FDACDD}.Debug|Any CPU.Build.0 = Debug|Any CPU
		{C3A72D5B-6AD1-4074-BC1F-2758E6FDACDD}.Release|Any CPU.ActiveCfg = Release|Any CPU
		{C3A72D5B-6AD1-4074-BC1F-2758E6FDACDD}.Release|Any CPU.Build.0 = Release|Any CPU
	EndGlobalSection
	GlobalSection(SolutionProperties) = preSolution
		HideSolutionNode = FALSE
	EndGlobalSection
	GlobalSection(ExtensibilityGlobals) = postSolution
		SolutionGuid = {8C43E189-F838-40C3-B5C8-65E9E1043D88}
	EndGlobalSection
EndGlobal
