
Microsoft Visual Studio Solution File, Format Version 12.00
# Visual Studio Version 16
VisualStudioVersion = 16.0.31005.135
MinimumVisualStudioVersion = 10.0.40219.1
Project("{9A19103F-16F7-4668-BE54-9A1E7A4F7556}") = "ThreadApp", "ThreadApp\ThreadApp.csproj", "{26CB0ECE-A1A1-4313-B59F-0BBDA1C448E1}"
EndProject
Project("{9A19103F-16F7-4668-BE54-9A1E7A4F7556}") = "ThreadFormsHW1", "ThreadFormsHW1\ThreadFormsHW1.csproj", "{4720AF37-07CF-4292-AE79-2FFB624487FF}"
EndProject
Project("{9A19103F-16F7-4668-BE54-9A1E7A4F7556}") = "ConsoleThreadPool", "ConsoleThreadPool\ConsoleThreadPool.csproj", "{DB0D39A9-56A6-4E61-9B98-844ABB167A94}"
EndProject
Project("{FAE04EC0-301F-11D3-BF4B-00C04F79EFBC}") = "ThreadCallBackFramework", "ThreadCallBackFramework\ThreadCallBackFramework.csproj", "{84B81DAE-53F8-4D32-96D7-68FE040787B4}"
EndProject
Project("{FAE04EC0-301F-11D3-BF4B-00C04F79EFBC}") = "ThreadPrimitives", "ThreadPrimitives\ThreadPrimitives.csproj", "{71090CF9-29B5-4F8C-943D-907EF9EE30D2}"
EndProject
Global
	GlobalSection(SolutionConfigurationPlatforms) = preSolution
		Debug|Any CPU = Debug|Any CPU
		Release|Any CPU = Release|Any CPU
	EndGlobalSection
	GlobalSection(ProjectConfigurationPlatforms) = postSolution
		{26CB0ECE-A1A1-4313-B59F-0BBDA1C448E1}.Debug|Any CPU.ActiveCfg = Debug|Any CPU
		{26CB0ECE-A1A1-4313-B59F-0BBDA1C448E1}.Debug|Any CPU.Build.0 = Debug|Any CPU
		{26CB0ECE-A1A1-4313-B59F-0BBDA1C448E1}.Release|Any CPU.ActiveCfg = Release|Any CPU
		{26CB0ECE-A1A1-4313-B59F-0BBDA1C448E1}.Release|Any CPU.Build.0 = Release|Any CPU
		{4720AF37-07CF-4292-AE79-2FFB624487FF}.Debug|Any CPU.ActiveCfg = Debug|Any CPU
		{4720AF37-07CF-4292-AE79-2FFB624487FF}.Debug|Any CPU.Build.0 = Debug|Any CPU
		{4720AF37-07CF-4292-AE79-2FFB624487FF}.Release|Any CPU.ActiveCfg = Release|Any CPU
		{4720AF37-07CF-4292-AE79-2FFB624487FF}.Release|Any CPU.Build.0 = Release|Any CPU
		{DB0D39A9-56A6-4E61-9B98-844ABB167A94}.Debug|Any CPU.ActiveCfg = Debug|Any CPU
		{DB0D39A9-56A6-4E61-9B98-844ABB167A94}.Debug|Any CPU.Build.0 = Debug|Any CPU
		{DB0D39A9-56A6-4E61-9B98-844ABB167A94}.Release|Any CPU.ActiveCfg = Release|Any CPU
		{DB0D39A9-56A6-4E61-9B98-844ABB167A94}.Release|Any CPU.Build.0 = Release|Any CPU
		{84B81DAE-53F8-4D32-96D7-68FE040787B4}.Debug|Any CPU.ActiveCfg = Debug|Any CPU
		{84B81DAE-53F8-4D32-96D7-68FE040787B4}.Debug|Any CPU.Build.0 = Debug|Any CPU
		{84B81DAE-53F8-4D32-96D7-68FE040787B4}.Release|Any CPU.ActiveCfg = Release|Any CPU
		{84B81DAE-53F8-4D32-96D7-68FE040787B4}.Release|Any CPU.Build.0 = Release|Any CPU
		{71090CF9-29B5-4F8C-943D-907EF9EE30D2}.Debug|Any CPU.ActiveCfg = Debug|Any CPU
		{71090CF9-29B5-4F8C-943D-907EF9EE30D2}.Debug|Any CPU.Build.0 = Debug|Any CPU
		{71090CF9-29B5-4F8C-943D-907EF9EE30D2}.Release|Any CPU.ActiveCfg = Release|Any CPU
		{71090CF9-29B5-4F8C-943D-907EF9EE30D2}.Release|Any CPU.Build.0 = Release|Any CPU
	EndGlobalSection
	GlobalSection(SolutionProperties) = preSolution
		HideSolutionNode = FALSE
	EndGlobalSection
	GlobalSection(ExtensibilityGlobals) = postSolution
		SolutionGuid = {DE5DF30F-77A7-472F-BD74-026EC66AB8A4}
	EndGlobalSection
EndGlobal
