
Microsoft Visual Studio Solution File, Format Version 12.00
# Visual Studio Version 16
VisualStudioVersion = 16.0.31019.35
MinimumVisualStudioVersion = 10.0.40219.1
Project("{FAE04EC0-301F-11D3-BF4B-00C04F79EFBC}") = "GUIorCLI", "GUIorCLI\GUIorCLI.csproj", "{16EE47B6-87FA-4402-968A-13B25DAC74DC}"
EndProject
Global
	GlobalSection(SolutionConfigurationPlatforms) = preSolution
		Debug|Any CPU = Debug|Any CPU
		Release|Any CPU = Release|Any CPU
	EndGlobalSection
	GlobalSection(ProjectConfigurationPlatforms) = postSolution
		{16EE47B6-87FA-4402-968A-13B25DAC74DC}.Debug|Any CPU.ActiveCfg = Debug|Any CPU
		{16EE47B6-87FA-4402-968A-13B25DAC74DC}.Debug|Any CPU.Build.0 = Debug|Any CPU
		{16EE47B6-87FA-4402-968A-13B25DAC74DC}.Release|Any CPU.ActiveCfg = Release|Any CPU
		{16EE47B6-87FA-4402-968A-13B25DAC74DC}.Release|Any CPU.Build.0 = Release|Any CPU
	EndGlobalSection
	GlobalSection(SolutionProperties) = preSolution
		HideSolutionNode = FALSE
	EndGlobalSection
	GlobalSection(ExtensibilityGlobals) = postSolution
		SolutionGuid = {50E6310F-7720-4E32-966D-314547AF70A9}
	EndGlobalSection
EndGlobal
