
Microsoft Visual Studio Solution File, Format Version 12.00
# Visual Studio Version 16
VisualStudioVersion = 16.0.30711.63
MinimumVisualStudioVersion = 10.0.40219.1
Project("{FAE04EC0-301F-11D3-BF4B-00C04F79EFBC}") = "Task 1", "Task 1\Task 1.csproj", "{A23D387C-4F37-4A0C-A791-9956DE5990FC}"
EndProject
Global
	GlobalSection(SolutionConfigurationPlatforms) = preSolution
		Debug|Any CPU = Debug|Any CPU
		Release|Any CPU = Release|Any CPU
	EndGlobalSection
	GlobalSection(ProjectConfigurationPlatforms) = postSolution
		{A23D387C-4F37-4A0C-A791-9956DE5990FC}.Debug|Any CPU.ActiveCfg = Debug|Any CPU
		{A23D387C-4F37-4A0C-A791-9956DE5990FC}.Debug|Any CPU.Build.0 = Debug|Any CPU
		{A23D387C-4F37-4A0C-A791-9956DE5990FC}.Release|Any CPU.ActiveCfg = Release|Any CPU
		{A23D387C-4F37-4A0C-A791-9956DE5990FC}.Release|Any CPU.Build.0 = Release|Any CPU
	EndGlobalSection
	GlobalSection(SolutionProperties) = preSolution
		HideSolutionNode = FALSE
	EndGlobalSection
	GlobalSection(ExtensibilityGlobals) = postSolution
		SolutionGuid = {59BFE5EE-B200-4876-9DFA-9C856A69BE27}
	EndGlobalSection
EndGlobal
