
Microsoft Visual Studio Solution File, Format Version 12.00
# Visual Studio Version 16
VisualStudioVersion = 16.0.31005.135
MinimumVisualStudioVersion = 10.0.40219.1
Project("{9A19103F-16F7-4668-BE54-9A1E7A4F7556}") = "WPF_EFCore_1", "WPF_EFCore_1\WPF_EFCore_1.csproj", "{03D46B9C-160A-4FF6-8D73-AE4FED53C6CD}"
EndProject
Project("{2150E333-8FDC-42A3-9474-1A3956D46DE8}") = "lib", "lib", "{04106ADA-DE50-4F8E-A62C-DD560D83995E}"
EndProject
Project("{FAE04EC0-301F-11D3-BF4B-00C04F79EFBC}") = "WinAPI", "WinAPI\WinAPI.csproj", "{3F8857A9-D63F-411C-9EC2-5DD9E9136684}"
EndProject
Global
	GlobalSection(SolutionConfigurationPlatforms) = preSolution
		Debug|Any CPU = Debug|Any CPU
		Release|Any CPU = Release|Any CPU
	EndGlobalSection
	GlobalSection(ProjectConfigurationPlatforms) = postSolution
		{03D46B9C-160A-4FF6-8D73-AE4FED53C6CD}.Debug|Any CPU.ActiveCfg = Debug|Any CPU
		{03D46B9C-160A-4FF6-8D73-AE4FED53C6CD}.Debug|Any CPU.Build.0 = Debug|Any CPU
		{03D46B9C-160A-4FF6-8D73-AE4FED53C6CD}.Release|Any CPU.ActiveCfg = Release|Any CPU
		{03D46B9C-160A-4FF6-8D73-AE4FED53C6CD}.Release|Any CPU.Build.0 = Release|Any CPU
		{3F8857A9-D63F-411C-9EC2-5DD9E9136684}.Debug|Any CPU.ActiveCfg = Debug|Any CPU
		{3F8857A9-D63F-411C-9EC2-5DD9E9136684}.Debug|Any CPU.Build.0 = Debug|Any CPU
		{3F8857A9-D63F-411C-9EC2-5DD9E9136684}.Release|Any CPU.ActiveCfg = Release|Any CPU
		{3F8857A9-D63F-411C-9EC2-5DD9E9136684}.Release|Any CPU.Build.0 = Release|Any CPU
	EndGlobalSection
	GlobalSection(SolutionProperties) = preSolution
		HideSolutionNode = FALSE
	EndGlobalSection
	GlobalSection(NestedProjects) = preSolution
		{3F8857A9-D63F-411C-9EC2-5DD9E9136684} = {04106ADA-DE50-4F8E-A62C-DD560D83995E}
	EndGlobalSection
	GlobalSection(ExtensibilityGlobals) = postSolution
		SolutionGuid = {23A1B3FB-39CB-49FA-B2BA-A06821D4DF58}
	EndGlobalSection
EndGlobal
